<?xml version="1.0" encoding="utf-8"?>
<Project ToolsVersion="4.0" xmlns="http://schemas.microsoft.com/developer/msbuild/2003">
  <ItemGroup>
    <Filter Include="Source Files">
      <UniqueIdentifier>{4FC737F1-C7A5-4376-A066-2A32D752A2FF}</UniqueIdentifier>
      <Extensions>cpp;c;cc;cxx;c++;cppm;ixx;def;odl;idl;hpj;bat;asm;asmx</Extensions>
    </Filter>
    <Filter Include="Header Files">
      <UniqueIdentifier>{93995380-89BD-4b04-88EB-625FBE52EBFB}</UniqueIdentifier>
      <Extensions>h;hh;hpp;hxx;h++;hm;inl;inc;ipp;xsd</Extensions>
    </Filter>
    <Filter Include="Source Files\amrnb">
      <UniqueIdentifier>{ce89241a-5513-4d25-ade4-3b0d76c1a693}</UniqueIdentifier>
    </Filter>
    <Filter Include="Source Files\amrwb">
      <UniqueIdentifier>{9495e2b7-3902-4ffb-a95a-0778866d4ac3}</UniqueIdentifier>
    </Filter>
  </ItemGroup>
  <ItemGroup>
    <ClInclude Include="framework.h">
      <Filter>Header Files</Filter>
    </ClInclude>
    <ClInclude Include="Decoder.h">
      <Filter>Header Files</Filter>
    </ClInclude>
  </ItemGroup>
  <ItemGroup>
    <ClCompile Include="Plugin.cpp">
      <Filter>Source Files</Filter>
    </ClCompile>
    <ClCompile Include="amrnb\a_refl.cpp">
      <Filter>Source Files\amrnb</Filter>
    </ClCompile>
    <ClCompile Include="amrnb\add.cpp">
      <Filter>Source Files\amrnb</Filter>
    </ClCompile>
    <ClCompile Include="amrnb\agc.cpp">
      <Filter>Source Files\amrnb</Filter>
    </ClCompile>
    <ClCompile Include="amrnb\amrdecode.cpp">
      <Filter>Source Files\amrnb</Filter>
    </ClCompile>
    <ClCompile Include="amrnb\az_lsp.cpp">
      <Filter>Source Files\amrnb</Filter>
    </ClCompile>
    <ClCompile Include="amrnb\b_cn_cod.cpp">
      <Filter>Source Files\amrnb</Filter>
    </ClCompile>
    <ClCompile Include="amrnb\bgnscd.cpp">
      <Filter>Source Files\amrnb</Filter>
    </ClCompile>
    <ClCompile Include="amrnb\bitno_tab.cpp">
      <Filter>Source Files\amrnb</Filter>
    </ClCompile>
    <ClCompile Include="amrnb\bitreorder_tab.cpp">
      <Filter>Source Files\amrnb</Filter>
    </ClCompile>
    <ClCompile Include="amrnb\c_g_aver.cpp">
      <Filter>Source Files\amrnb</Filter>
    </ClCompile>
    <ClCompile Include="amrnb\c2_9pf_tab.cpp">
      <Filter>Source Files\amrnb</Filter>
    </ClCompile>
    <ClCompile Include="amrnb\d_gain_c.cpp">
      <Filter>Source Files\amrnb</Filter>
    </ClCompile>
    <ClCompile Include="amrnb\d_gain_p.cpp">
      <Filter>Source Files\amrnb</Filter>
    </ClCompile>
    <ClCompile Include="amrnb\d_plsf.cpp">
      <Filter>Source Files\amrnb</Filter>
    </ClCompile>
    <ClCompile Include="amrnb\d_plsf_3.cpp">
      <Filter>Source Files\amrnb</Filter>
    </ClCompile>
    <ClCompile Include="amrnb\d_plsf_5.cpp">
      <Filter>Source Files\amrnb</Filter>
    </ClCompile>
    <ClCompile Include="amrnb\d2_9pf.cpp">
      <Filter>Source Files\amrnb</Filter>
    </ClCompile>
    <ClCompile Include="amrnb\d2_11pf.cpp">
      <Filter>Source Files\amrnb</Filter>
    </ClCompile>
    <ClCompile Include="amrnb\d3_14pf.cpp">
      <Filter>Source Files\amrnb</Filter>
    </ClCompile>
    <ClCompile Include="amrnb\d4_17pf.cpp">
      <Filter>Source Files\amrnb</Filter>
    </ClCompile>
    <ClCompile Include="amrnb\d8_31pf.cpp">
      <Filter>Source Files\amrnb</Filter>
    </ClCompile>
    <ClCompile Include="amrnb\d1035pf.cpp">
      <Filter>Source Files\amrnb</Filter>
    </ClCompile>
    <ClCompile Include="amrnb\dec_amr.cpp">
      <Filter>Source Files\amrnb</Filter>
    </ClCompile>
    <ClCompile Include="amrnb\dec_gain.cpp">
      <Filter>Source Files\amrnb</Filter>
    </ClCompile>
    <ClCompile Include="amrnb\dec_input_format_tab.cpp">
      <Filter>Source Files\amrnb</Filter>
    </ClCompile>
    <ClCompile Include="amrnb\dec_lag3.cpp">
      <Filter>Source Files\amrnb</Filter>
    </ClCompile>
    <ClCompile Include="amrnb\dec_lag6.cpp">
      <Filter>Source Files\amrnb</Filter>
    </ClCompile>
    <ClCompile Include="amrnb\div_32.cpp">
      <Filter>Source Files\amrnb</Filter>
    </ClCompile>
    <ClCompile Include="amrnb\div_s.cpp">
      <Filter>Source Files\amrnb</Filter>
    </ClCompile>
    <ClCompile Include="amrnb\dtx_dec.cpp">
      <Filter>Source Files\amrnb</Filter>
    </ClCompile>
    <ClCompile Include="amrnb\ec_gains.cpp">
      <Filter>Source Files\amrnb</Filter>
    </ClCompile>
    <ClCompile Include="amrnb\ex_ctrl.cpp">
      <Filter>Source Files\amrnb</Filter>
    </ClCompile>
    <ClCompile Include="amrnb\extract_h.cpp">
      <Filter>Source Files\amrnb</Filter>
    </ClCompile>
    <ClCompile Include="amrnb\extract_l.cpp">
      <Filter>Source Files\amrnb</Filter>
    </ClCompile>
    <ClCompile Include="amrnb\gains_tbl.cpp">
      <Filter>Source Files\amrnb</Filter>
    </ClCompile>
    <ClCompile Include="amrnb\gc_pred.cpp">
      <Filter>Source Files\amrnb</Filter>
    </ClCompile>
    <ClCompile Include="amrnb\get_const_tbls.cpp">
      <Filter>Source Files\amrnb</Filter>
    </ClCompile>
    <ClCompile Include="amrnb\gmed_n.cpp">
      <Filter>Source Files\amrnb</Filter>
    </ClCompile>
    <ClCompile Include="amrnb\gray_tbl.cpp">
      <Filter>Source Files\amrnb</Filter>
    </ClCompile>
    <ClCompile Include="amrnb\grid_tbl.cpp">
      <Filter>Source Files\amrnb</Filter>
    </ClCompile>
    <ClCompile Include="amrnb\if2_to_ets.cpp">
      <Filter>Source Files\amrnb</Filter>
    </ClCompile>
    <ClCompile Include="amrnb\int_lpc.cpp">
      <Filter>Source Files\amrnb</Filter>
    </ClCompile>
    <ClCompile Include="amrnb\int_lsf.cpp">
      <Filter>Source Files\amrnb</Filter>
    </ClCompile>
    <ClCompile Include="amrnb\inv_sqrt.cpp">
      <Filter>Source Files\amrnb</Filter>
    </ClCompile>
    <ClCompile Include="amrnb\inv_sqrt_tbl.cpp">
      <Filter>Source Files\amrnb</Filter>
    </ClCompile>
    <ClCompile Include="amrnb\l_abs.cpp">
      <Filter>Source Files\amrnb</Filter>
    </ClCompile>
    <ClCompile Include="amrnb\l_deposit_h.cpp">
      <Filter>Source Files\amrnb</Filter>
    </ClCompile>
    <ClCompile Include="amrnb\l_deposit_l.cpp">
      <Filter>Source Files\amrnb</Filter>
    </ClCompile>
    <ClCompile Include="amrnb\l_shr_r.cpp">
      <Filter>Source Files\amrnb</Filter>
    </ClCompile>
    <ClCompile Include="amrnb\log2.cpp">
      <Filter>Source Files\amrnb</Filter>
    </ClCompile>
    <ClCompile Include="amrnb\log2_norm.cpp">
      <Filter>Source Files\amrnb</Filter>
    </ClCompile>
    <ClCompile Include="amrnb\log2_tbl.cpp">
      <Filter>Source Files\amrnb</Filter>
    </ClCompile>
    <ClCompile Include="amrnb\lsfwt.cpp">
      <Filter>Source Files\amrnb</Filter>
    </ClCompile>
    <ClCompile Include="amrnb\lsp.cpp">
      <Filter>Source Files\amrnb</Filter>
    </ClCompile>
    <ClCompile Include="amrnb\lsp_avg.cpp">
      <Filter>Source Files\amrnb</Filter>
    </ClCompile>
    <ClCompile Include="amrnb\lsp_az.cpp">
      <Filter>Source Files\amrnb</Filter>
    </ClCompile>
    <ClCompile Include="amrnb\lsp_lsf.cpp">
      <Filter>Source Files\amrnb</Filter>
    </ClCompile>
    <ClCompile Include="amrnb\lsp_lsf_tbl.cpp">
      <Filter>Source Files\amrnb</Filter>
    </ClCompile>
    <ClCompile Include="amrnb\lsp_tab.cpp">
      <Filter>Source Files\amrnb</Filter>
    </ClCompile>
    <ClCompile Include="amrnb\mult_r.cpp">
      <Filter>Source Files\amrnb</Filter>
    </ClCompile>
    <ClCompile Include="amrnb\negate.cpp">
      <Filter>Source Files\amrnb</Filter>
    </ClCompile>
    <ClCompile Include="amrnb\norm_l.cpp">
      <Filter>Source Files\amrnb</Filter>
    </ClCompile>
    <ClCompile Include="amrnb\norm_s.cpp">
      <Filter>Source Files\amrnb</Filter>
    </ClCompile>
    <ClCompile Include="amrnb\overflow_tbl.cpp">
      <Filter>Source Files\amrnb</Filter>
    </ClCompile>
    <ClCompile Include="amrnb\ph_disp.cpp">
      <Filter>Source Files\amrnb</Filter>
    </ClCompile>
    <ClCompile Include="amrnb\ph_disp_tab.cpp">
      <Filter>Source Files\amrnb</Filter>
    </ClCompile>
    <ClCompile Include="amrnb\post_pro.cpp">
      <Filter>Source Files\amrnb</Filter>
    </ClCompile>
    <ClCompile Include="amrnb\pow2.cpp">
      <Filter>Source Files\amrnb</Filter>
    </ClCompile>
    <ClCompile Include="amrnb\pow2_tbl.cpp">
      <Filter>Source Files\amrnb</Filter>
    </ClCompile>
    <ClCompile Include="amrnb\pred_lt.cpp">
      <Filter>Source Files\amrnb</Filter>
    </ClCompile>
    <ClCompile Include="amrnb\preemph.cpp">
      <Filter>Source Files\amrnb</Filter>
    </ClCompile>
    <ClCompile Include="amrnb\pstfilt.cpp">
      <Filter>Source Files\amrnb</Filter>
    </ClCompile>
    <ClCompile Include="amrnb\q_plsf.cpp">
      <Filter>Source Files\amrnb</Filter>
    </ClCompile>
    <ClCompile Include="amrnb\q_plsf_3.cpp">
      <Filter>Source Files\amrnb</Filter>
    </ClCompile>
    <ClCompile Include="amrnb\q_plsf_3_tbl.cpp">
      <Filter>Source Files\amrnb</Filter>
    </ClCompile>
    <ClCompile Include="amrnb\q_plsf_5.cpp">
      <Filter>Source Files\amrnb</Filter>
    </ClCompile>
    <ClCompile Include="amrnb\q_plsf_5_tbl.cpp">
      <Filter>Source Files\amrnb</Filter>
    </ClCompile>
    <ClCompile Include="amrnb\qgain475_tab.cpp">
      <Filter>Source Files\amrnb</Filter>
    </ClCompile>
    <ClCompile Include="amrnb\qua_gain_tbl.cpp">
      <Filter>Source Files\amrnb</Filter>
    </ClCompile>
    <ClCompile Include="amrnb\reorder.cpp">
      <Filter>Source Files\amrnb</Filter>
    </ClCompile>
    <ClCompile Include="amrnb\residu.cpp">
      <Filter>Source Files\amrnb</Filter>
    </ClCompile>
    <ClCompile Include="amrnb\round.cpp">
      <Filter>Source Files\amrnb</Filter>
    </ClCompile>
    <ClCompile Include="amrnb\set_zero.cpp">
      <Filter>Source Files\amrnb</Filter>
    </ClCompile>
    <ClCompile Include="amrnb\shr.cpp">
      <Filter>Source Files\amrnb</Filter>
    </ClCompile>
    <ClCompile Include="amrnb\shr_r.cpp">
      <Filter>Source Files\amrnb</Filter>
    </ClCompile>
    <ClCompile Include="amrnb\sp_dec.cpp">
      <Filter>Source Files\amrnb</Filter>
    </ClCompile>
    <ClCompile Include="amrnb\sqrt_l.cpp">
      <Filter>Source Files\amrnb</Filter>
    </ClCompile>
    <ClCompile Include="amrnb\sqrt_l_tbl.cpp">
      <Filter>Source Files\amrnb</Filter>
    </ClCompile>
    <ClCompile Include="amrnb\sub.cpp">
      <Filter>Source Files\amrnb</Filter>
    </ClCompile>
    <ClCompile Include="amrnb\syn_filt.cpp">
      <Filter>Source Files\amrnb</Filter>
    </ClCompile>
    <ClCompile Include="amrnb\weight_a.cpp">
      <Filter>Source Files\amrnb</Filter>
    </ClCompile>
    <ClCompile Include="amrnb\window_tab.cpp">
      <Filter>Source Files\amrnb</Filter>
    </ClCompile>
    <ClCompile Include="amrnb\wmf_to_ets.cpp">
      <Filter>Source Files\amrnb</Filter>
    </ClCompile>
    <ClCompile Include="amrnb\wrapper.cpp">
      <Filter>Source Files\amrnb</Filter>
    </ClCompile>
    <ClCompile Include="Decoder.cpp">
      <Filter>Source Files</Filter>
    </ClCompile>
    <ClCompile Include="aimp_sdk\apiTypes.cpp">
      <Filter>Source Files</Filter>
    </ClCompile>
    <ClCompile Include="aimp_sdk\Helpers\apiWrappers.cpp">
      <Filter>Source Files</Filter>
    </ClCompile>
    <ClCompile Include="amrwb\q_gain2_tab.cpp">
      <Filter>Source Files\amrwb</Filter>
    </ClCompile>
    <ClCompile Include="amrwb\qisf_ns.cpp">
      <Filter>Source Files\amrwb</Filter>
    </ClCompile>
    <ClCompile Include="amrwb\qisf_ns_tab.cpp">
      <Filter>Source Files\amrwb</Filter>
    </ClCompile>
    <ClCompile Include="amrwb\qpisf_2s.cpp">
      <Filter>Source Files\amrwb</Filter>
    </ClCompile>
    <ClCompile Include="amrwb\qpisf_2s_tab.cpp">
      <Filter>Source Files\amrwb</Filter>
    </ClCompile>
    <ClCompile Include="amrwb\scale_signal.cpp">
      <Filter>Source Files\amrwb</Filter>
    </ClCompile>
    <ClCompile Include="amrwb\synthesis_amr_wb.cpp">
      <Filter>Source Files\amrwb</Filter>
    </ClCompile>
    <ClCompile Include="amrwb\voice_factor.cpp">
      <Filter>Source Files\amrwb</Filter>
    </ClCompile>
    <ClCompile Include="amrwb\wb_syn_filt.cpp">
      <Filter>Source Files\amrwb</Filter>
    </ClCompile>
    <ClCompile Include="amrwb\weight_amrwb_lpc.cpp">
      <Filter>Source Files\amrwb</Filter>
    </ClCompile>
    <ClCompile Include="amrwb\wrapper_wb.cpp">
      <Filter>Source Files\amrwb</Filter>
    </ClCompile>
    <ClCompile Include="amrwb\agc2_amr_wb.cpp">
      <Filter>Source Files\amrwb</Filter>
    </ClCompile>
    <ClCompile Include="amrwb\band_pass_6k_7k.cpp">
      <Filter>Source Files\amrwb</Filter>
    </ClCompile>
    <ClCompile Include="amrwb\dec_acelp_2p_in_64.cpp">
      <Filter>Source Files\amrwb</Filter>
    </ClCompile>
    <ClCompile Include="amrwb\dec_acelp_4p_in_64.cpp">
      <Filter>Source Files\amrwb</Filter>
    </ClCompile>
    <ClCompile Include="amrwb\dec_alg_codebook.cpp">
      <Filter>Source Files\amrwb</Filter>
    </ClCompile>
    <ClCompile Include="amrwb\dec_gain2_amr_wb.cpp">
      <Filter>Source Files\amrwb</Filter>
    </ClCompile>
    <ClCompile Include="amrwb\deemphasis_32.cpp">
      <Filter>Source Files\amrwb</Filter>
    </ClCompile>
    <ClCompile Include="amrwb\dtx_decoder_amr_wb.cpp">
      <Filter>Source Files\amrwb</Filter>
    </ClCompile>
    <ClCompile Include="amrwb\get_amr_wb_bits.cpp">
      <Filter>Source Files\amrwb</Filter>
    </ClCompile>
    <ClCompile Include="amrwb\highpass_50hz_at_12k8.cpp">
      <Filter>Source Files\amrwb</Filter>
    </ClCompile>
    <ClCompile Include="amrwb\highpass_400hz_at_12k8.cpp">
      <Filter>Source Files\amrwb</Filter>
    </ClCompile>
    <ClCompile Include="amrwb\homing_amr_wb_dec.cpp">
      <Filter>Source Files\amrwb</Filter>
    </ClCompile>
    <ClCompile Include="amrwb\interpolate_isp.cpp">
      <Filter>Source Files\amrwb</Filter>
    </ClCompile>
    <ClCompile Include="amrwb\isf_extrapolation.cpp">
      <Filter>Source Files\amrwb</Filter>
    </ClCompile>
    <ClCompile Include="amrwb\isp_az.cpp">
      <Filter>Source Files\amrwb</Filter>
    </ClCompile>
    <ClCompile Include="amrwb\isp_isf.cpp">
      <Filter>Source Files\amrwb</Filter>
    </ClCompile>
    <ClCompile Include="amrwb\lagconceal.cpp">
      <Filter>Source Files\amrwb</Filter>
    </ClCompile>
    <ClCompile Include="amrwb\low_pass_filt_7k.cpp">
      <Filter>Source Files\amrwb</Filter>
    </ClCompile>
    <ClCompile Include="amrwb\median5.cpp">
      <Filter>Source Files\amrwb</Filter>
    </ClCompile>
    <ClCompile Include="amrwb\mime_io.cpp">
      <Filter>Source Files\amrwb</Filter>
    </ClCompile>
    <ClCompile Include="amrwb\noise_gen_amrwb.cpp">
      <Filter>Source Files\amrwb</Filter>
    </ClCompile>
    <ClCompile Include="amrwb\normalize_amr_wb.cpp">
      <Filter>Source Files\amrwb</Filter>
    </ClCompile>
    <ClCompile Include="amrwb\oversamp_12k8_to_16k.cpp">
      <Filter>Source Files\amrwb</Filter>
    </ClCompile>
    <ClCompile Include="amrwb\phase_dispersion.cpp">
      <Filter>Source Files\amrwb</Filter>
    </ClCompile>
    <ClCompile Include="amrwb\pit_shrp.cpp">
      <Filter>Source Files\amrwb</Filter>
    </ClCompile>
    <ClCompile Include="amrwb\pred_lt4.cpp">
      <Filter>Source Files\amrwb</Filter>
    </ClCompile>
    <ClCompile Include="amrwb\preemph_amrwb_dec.cpp">
      <Filter>Source Files\amrwb</Filter>
    </ClCompile>
    <ClCompile Include="amrwb\pvamrwb_math_op.cpp">
      <Filter>Source Files\amrwb</Filter>
    </ClCompile>
    <ClCompile Include="amrwb\pvamrwbdecoder.cpp">
      <Filter>Source Files\amrwb</Filter>
    </ClCompile>
  </ItemGroup>
</Project>